
Microsoft Visual Studio Solution File, Format Version 12.00
# Visual Studio 15
Project("{FAE04EC0-301F-11D3-BF4B-00C04F79EFBC}") = "VRSTDataGather", "Assembly-CSharp.csproj", "{498FE350-B20D-CD5B-C48B-8E9719AD0B25}"
EndProject
Project("{FAE04EC0-301F-11D3-BF4B-00C04F79EFBC}") = "VRSTDataGather", "Assembly-CSharp-Editor.csproj", "{B96A6FA1-059F-6A43-980E-9AF7926BA1B2}"
EndProject
Global
	GlobalSection(SolutionConfigurationPlatforms) = preSolution
		Debug|Any CPU = Debug|Any CPU
		Release|Any CPU = Release|Any CPU
	EndGlobalSection
	GlobalSection(ProjectConfigurationPlatforms) = postSolution
		{498FE350-B20D-CD5B-C48B-8E9719AD0B25}.Debug|Any CPU.ActiveCfg = Debug|Any CPU
		{498FE350-B20D-CD5B-C48B-8E9719AD0B25}.Debug|Any CPU.Build.0 = Debug|Any CPU
		{498FE350-B20D-CD5B-C48B-8E9719AD0B25}.Release|Any CPU.ActiveCfg = Release|Any CPU
		{498FE350-B20D-CD5B-C48B-8E9719AD0B25}.Release|Any CPU.Build.0 = Release|Any CPU
		{B96A6FA1-059F-6A43-980E-9AF7926BA1B2}.Debug|Any CPU.ActiveCfg = Debug|Any CPU
		{B96A6FA1-059F-6A43-980E-9AF7926BA1B2}.Debug|Any CPU.Build.0 = Debug|Any CPU
		{B96A6FA1-059F-6A43-980E-9AF7926BA1B2}.Release|Any CPU.ActiveCfg = Release|Any CPU
		{B96A6FA1-059F-6A43-980E-9AF7926BA1B2}.Release|Any CPU.Build.0 = Release|Any CPU
	EndGlobalSection
	GlobalSection(SolutionProperties) = preSolution
		HideSolutionNode = FALSE
	EndGlobalSection
EndGlobal
